// !$*UTF8*$!
{
	archiveVersion = 1;
	classes = {
	};
	objectVersion = 51;
	objects = {

/* Begin PBXBuildFile section */
		1106EB41BE893F8872B1F66F /* Pods_FlixTests.framework in Frameworks */ = {isa = PBXBuildFile; fileRef = EC23C4D2DAFEE40984CFBAA8 /* Pods_FlixTests.framework */; };
		326001C326B4BCF7322DA254 /* Pods_Flix.framework in Frameworks */ = {isa = PBXBuildFile; fileRef = BEC6785009D5E81751EEEB08 /* Pods_Flix.framework */; };
		B800071623D9136500D460F6 /* AppDelegate.swift in Sources */ = {isa = PBXBuildFile; fileRef = B800071523D9136500D460F6 /* AppDelegate.swift */; };
		B800071823D9136500D460F6 /* SceneDelegate.swift in Sources */ = {isa = PBXBuildFile; fileRef = B800071723D9136500D460F6 /* SceneDelegate.swift */; };
		B800071D23D9136500D460F6 /* Main.storyboard in Resources */ = {isa = PBXBuildFile; fileRef = B800071B23D9136500D460F6 /* Main.storyboard */; };
		B800071F23D9137700D460F6 /* Assets.xcassets in Resources */ = {isa = PBXBuildFile; fileRef = B800071E23D9137700D460F6 /* Assets.xcassets */; };
		B800072223D9137700D460F6 /* LaunchScreen.storyboard in Resources */ = {isa = PBXBuildFile; fileRef = B800072023D9137700D460F6 /* LaunchScreen.storyboard */; };
		B800072D23D9137700D460F6 /* FlixTests.swift in Sources */ = {isa = PBXBuildFile; fileRef = B800072C23D9137700D460F6 /* FlixTests.swift */; };
		B800073823D9137700D460F6 /* FlixUITests.swift in Sources */ = {isa = PBXBuildFile; fileRef = B800073723D9137700D460F6 /* FlixUITests.swift */; };
		B800074623D9313C00D460F6 /* MoviesViewController.swift in Sources */ = {isa = PBXBuildFile; fileRef = B800074523D9313C00D460F6 /* MoviesViewController.swift */; };
		B800074823D959FD00D460F6 /* MovieCell.swift in Sources */ = {isa = PBXBuildFile; fileRef = B800074723D959FD00D460F6 /* MovieCell.swift */; };
		B860CAD823DFA8CE006E2581 /* MovieDetailsViewController.swift in Sources */ = {isa = PBXBuildFile; fileRef = B860CAD723DFA8CE006E2581 /* MovieDetailsViewController.swift */; };
		B860CADA23E24377006E2581 /* MovieGridViewController.swift in Sources */ = {isa = PBXBuildFile; fileRef = B860CAD923E24376006E2581 /* MovieGridViewController.swift */; };
		B860CB1E23E4B155006E2581 /* MovieGridCell.swift in Sources */ = {isa = PBXBuildFile; fileRef = B860CB1D23E4B155006E2581 /* MovieGridCell.swift */; };
		B8CD9CEB23E5C34300126C14 /* SuperheroDetailsViewController.swift in Sources */ = {isa = PBXBuildFile; fileRef = B8CD9CEA23E5C34300126C14 /* SuperheroDetailsViewController.swift */; };
		D319AA67159179DA5DFD2362 /* Pods_Flix_FlixUITests.framework in Frameworks */ = {isa = PBXBuildFile; fileRef = A166509407C0A63E6A3CC6AD /* Pods_Flix_FlixUITests.framework */; };
/* End PBXBuildFile section */

/* Begin PBXContainerItemProxy section */
		B800072923D9137700D460F6 /* PBXContainerItemProxy */ = {
			isa = PBXContainerItemProxy;
			containerPortal = B800070A23D9136500D460F6 /* Project object */;
			proxyType = 1;
			remoteGlobalIDString = B800071123D9136500D460F6;
			remoteInfo = Flix;
		};
		B800073423D9137700D460F6 /* PBXContainerItemProxy */ = {
			isa = PBXContainerItemProxy;
			containerPortal = B800070A23D9136500D460F6 /* Project object */;
			proxyType = 1;
			remoteGlobalIDString = B800071123D9136500D460F6;
			remoteInfo = Flix;
		};
/* End PBXContainerItemProxy section */

/* Begin PBXFileReference section */
		1043BCA1608AE9709F19A8B0 /* Pods-Flix.debug.xcconfig */ = {isa = PBXFileReference; includeInIndex = 1; lastKnownFileType = text.xcconfig; name = "Pods-Flix.debug.xcconfig"; path = "Target Support Files/Pods-Flix/Pods-Flix.debug.xcconfig"; sourceTree = "<group>"; };
		7CA7D7B5C652D3B511D29E7D /* Pods-Flix-FlixUITests.debug.xcconfig */ = {isa = PBXFileReference; includeInIndex = 1; lastKnownFileType = text.xcconfig; name = "Pods-Flix-FlixUITests.debug.xcconfig"; path = "Target Support Files/Pods-Flix-FlixUITests/Pods-Flix-FlixUITests.debug.xcconfig"; sourceTree = "<group>"; };
		86FC4E1616F70FFC82DAF959 /* Pods-FlixTests.release.xcconfig */ = {isa = PBXFileReference; includeInIndex = 1; lastKnownFileType = text.xcconfig; name = "Pods-FlixTests.release.xcconfig"; path = "Target Support Files/Pods-FlixTests/Pods-FlixTests.release.xcconfig"; sourceTree = "<group>"; };
		8DB2C5751B3EA314342C8150 /* Pods-Flix.release.xcconfig */ = {isa = PBXFileReference; includeInIndex = 1; lastKnownFileType = text.xcconfig; name = "Pods-Flix.release.xcconfig"; path = "Target Support Files/Pods-Flix/Pods-Flix.release.xcconfig"; sourceTree = "<group>"; };
		A166509407C0A63E6A3CC6AD /* Pods_Flix_FlixUITests.framework */ = {isa = PBXFileReference; explicitFileType = wrapper.framework; includeInIndex = 0; path = Pods_Flix_FlixUITests.framework; sourceTree = BUILT_PRODUCTS_DIR; };
		B800071223D9136500D460F6 /* Flix.app */ = {isa = PBXFileReference; explicitFileType = wrapper.application; includeInIndex = 0; path = Flix.app; sourceTree = BUILT_PRODUCTS_DIR; };
		B800071523D9136500D460F6 /* AppDelegate.swift */ = {isa = PBXFileReference; lastKnownFileType = sourcecode.swift; path = AppDelegate.swift; sourceTree = "<group>"; };
		B800071723D9136500D460F6 /* SceneDelegate.swift */ = {isa = PBXFileReference; lastKnownFileType = sourcecode.swift; path = SceneDelegate.swift; sourceTree = "<group>"; };
		B800071C23D9136500D460F6 /* Base */ = {isa = PBXFileReference; lastKnownFileType = file.storyboard; name = Base; path = Base.lproj/Main.storyboard; sourceTree = "<group>"; };
		B800071E23D9137700D460F6 /* Assets.xcassets */ = {isa = PBXFileReference; lastKnownFileType = folder.assetcatalog; path = Assets.xcassets; sourceTree = "<group>"; };
		B800072123D9137700D460F6 /* Base */ = {isa = PBXFileReference; lastKnownFileType = file.storyboard; name = Base; path = Base.lproj/LaunchScreen.storyboard; sourceTree = "<group>"; };
		B800072323D9137700D460F6 /* Info.plist */ = {isa = PBXFileReference; lastKnownFileType = text.plist.xml; path = Info.plist; sourceTree = "<group>"; };
		B800072823D9137700D460F6 /* FlixTests.xctest */ = {isa = PBXFileReference; explicitFileType = wrapper.cfbundle; includeInIndex = 0; path = FlixTests.xctest; sourceTree = BUILT_PRODUCTS_DIR; };
		B800072C23D9137700D460F6 /* FlixTests.swift */ = {isa = PBXFileReference; lastKnownFileType = sourcecode.swift; path = FlixTests.swift; sourceTree = "<group>"; };
		B800072E23D9137700D460F6 /* Info.plist */ = {isa = PBXFileReference; lastKnownFileType = text.plist.xml; path = Info.plist; sourceTree = "<group>"; };
		B800073323D9137700D460F6 /* FlixUITests.xctest */ = {isa = PBXFileReference; explicitFileType = wrapper.cfbundle; includeInIndex = 0; path = FlixUITests.xctest; sourceTree = BUILT_PRODUCTS_DIR; };
		B800073723D9137700D460F6 /* FlixUITests.swift */ = {isa = PBXFileReference; lastKnownFileType = sourcecode.swift; path = FlixUITests.swift; sourceTree = "<group>"; };
		B800073923D9137700D460F6 /* Info.plist */ = {isa = PBXFileReference; lastKnownFileType = text.plist.xml; path = Info.plist; sourceTree = "<group>"; };
		B800074523D9313C00D460F6 /* MoviesViewController.swift */ = {isa = PBXFileReference; lastKnownFileType = sourcecode.swift; path = MoviesViewController.swift; sourceTree = "<group>"; };
		B800074723D959FD00D460F6 /* MovieCell.swift */ = {isa = PBXFileReference; lastKnownFileType = sourcecode.swift; path = MovieCell.swift; sourceTree = "<group>"; };
		B860CAD723DFA8CE006E2581 /* MovieDetailsViewController.swift */ = {isa = PBXFileReference; lastKnownFileType = sourcecode.swift; path = MovieDetailsViewController.swift; sourceTree = "<group>"; };
		B860CAD923E24376006E2581 /* MovieGridViewController.swift */ = {isa = PBXFileReference; lastKnownFileType = sourcecode.swift; path = MovieGridViewController.swift; sourceTree = "<group>"; };
		B860CB1D23E4B155006E2581 /* MovieGridCell.swift */ = {isa = PBXFileReference; lastKnownFileType = sourcecode.swift; path = MovieGridCell.swift; sourceTree = "<group>"; };
		B8CD9CEA23E5C34300126C14 /* SuperheroDetailsViewController.swift */ = {isa = PBXFileReference; lastKnownFileType = sourcecode.swift; path = SuperheroDetailsViewController.swift; sourceTree = "<group>"; };
		BEC6785009D5E81751EEEB08 /* Pods_Flix.framework */ = {isa = PBXFileReference; explicitFileType = wrapper.framework; includeInIndex = 0; path = Pods_Flix.framework; sourceTree = BUILT_PRODUCTS_DIR; };
		EC23C4D2DAFEE40984CFBAA8 /* Pods_FlixTests.framework */ = {isa = PBXFileReference; explicitFileType = wrapper.framework; includeInIndex = 0; path = Pods_FlixTests.framework; sourceTree = BUILT_PRODUCTS_DIR; };
		F2567254E178BD266824AE2E /* Pods-Flix-FlixUITests.release.xcconfig */ = {isa = PBXFileReference; includeInIndex = 1; lastKnownFileType = text.xcconfig; name = "Pods-Flix-FlixUITests.release.xcconfig"; path = "Target Support Files/Pods-Flix-FlixUITests/Pods-Flix-FlixUITests.release.xcconfig"; sourceTree = "<group>"; };
		F8C646D2A6AA28AC074CE9D7 /* Pods-FlixTests.debug.xcconfig */ = {isa = PBXFileReference; includeInIndex = 1; lastKnownFileType = text.xcconfig; name = "Pods-FlixTests.debug.xcconfig"; path = "Target Support Files/Pods-FlixTests/Pods-FlixTests.debug.xcconfig"; sourceTree = "<group>"; };
/* End PBXFileReference section */

/* Begin PBXFrameworksBuildPhase section */
		B800070F23D9136500D460F6 /* Frameworks */ = {
			isa = PBXFrameworksBuildPhase;
			buildActionMask = 2147483647;
			files = (
				326001C326B4BCF7322DA254 /* Pods_Flix.framework in Frameworks */,
			);
			runOnlyForDeploymentPostprocessing = 0;
		};
		B800072523D9137700D460F6 /* Frameworks */ = {
			isa = PBXFrameworksBuildPhase;
			buildActionMask = 2147483647;
			files = (
				1106EB41BE893F8872B1F66F /* Pods_FlixTests.framework in Frameworks */,
			);
			runOnlyForDeploymentPostprocessing = 0;
		};
		B800073023D9137700D460F6 /* Frameworks */ = {
			isa = PBXFrameworksBuildPhase;
			buildActionMask = 2147483647;
			files = (
				D319AA67159179DA5DFD2362 /* Pods_Flix_FlixUITests.framework in Frameworks */,
			);
			runOnlyForDeploymentPostprocessing = 0;
		};
/* End PBXFrameworksBuildPhase section */

/* Begin PBXGroup section */
		4830444004C4B70CE4563F88 /* Pods */ = {
			isa = PBXGroup;
			children = (
				1043BCA1608AE9709F19A8B0 /* Pods-Flix.debug.xcconfig */,
				8DB2C5751B3EA314342C8150 /* Pods-Flix.release.xcconfig */,
				7CA7D7B5C652D3B511D29E7D /* Pods-Flix-FlixUITests.debug.xcconfig */,
				F2567254E178BD266824AE2E /* Pods-Flix-FlixUITests.release.xcconfig */,
				F8C646D2A6AA28AC074CE9D7 /* Pods-FlixTests.debug.xcconfig */,
				86FC4E1616F70FFC82DAF959 /* Pods-FlixTests.release.xcconfig */,
			);
			path = Pods;
			sourceTree = "<group>";
		};
		58294B6AB5D42310CB91D487 /* Frameworks */ = {
			isa = PBXGroup;
			children = (
				BEC6785009D5E81751EEEB08 /* Pods_Flix.framework */,
				A166509407C0A63E6A3CC6AD /* Pods_Flix_FlixUITests.framework */,
				EC23C4D2DAFEE40984CFBAA8 /* Pods_FlixTests.framework */,
			);
			name = Frameworks;
			sourceTree = "<group>";
		};
		B800070923D9136500D460F6 = {
			isa = PBXGroup;
			children = (
				B800071423D9136500D460F6 /* Flix */,
				B800072B23D9137700D460F6 /* FlixTests */,
				B800073623D9137700D460F6 /* FlixUITests */,
				B800071323D9136500D460F6 /* Products */,
				4830444004C4B70CE4563F88 /* Pods */,
				58294B6AB5D42310CB91D487 /* Frameworks */,
			);
			sourceTree = "<group>";
		};
		B800071323D9136500D460F6 /* Products */ = {
			isa = PBXGroup;
			children = (
				B800071223D9136500D460F6 /* Flix.app */,
				B800072823D9137700D460F6 /* FlixTests.xctest */,
				B800073323D9137700D460F6 /* FlixUITests.xctest */,
			);
			name = Products;
			sourceTree = "<group>";
		};
		B800071423D9136500D460F6 /* Flix */ = {
			isa = PBXGroup;
			children = (
				B800071523D9136500D460F6 /* AppDelegate.swift */,
				B800071723D9136500D460F6 /* SceneDelegate.swift */,
				B800071B23D9136500D460F6 /* Main.storyboard */,
				B800074723D959FD00D460F6 /* MovieCell.swift */,
				B800071E23D9137700D460F6 /* Assets.xcassets */,
				B800072023D9137700D460F6 /* LaunchScreen.storyboard */,
				B800072323D9137700D460F6 /* Info.plist */,
				B800074523D9313C00D460F6 /* MoviesViewController.swift */,
				B860CAD723DFA8CE006E2581 /* MovieDetailsViewController.swift */,
				B860CAD923E24376006E2581 /* MovieGridViewController.swift */,
				B860CB1D23E4B155006E2581 /* MovieGridCell.swift */,
				B8CD9CEA23E5C34300126C14 /* SuperheroDetailsViewController.swift */,
			);
			path = Flix;
			sourceTree = "<group>";
		};
		B800072B23D9137700D460F6 /* FlixTests */ = {
			isa = PBXGroup;
			children = (
				B800072C23D9137700D460F6 /* FlixTests.swift */,
				B800072E23D9137700D460F6 /* Info.plist */,
			);
			path = FlixTests;
			sourceTree = "<group>";
		};
		B800073623D9137700D460F6 /* FlixUITests */ = {
			isa = PBXGroup;
			children = (
				B800073723D9137700D460F6 /* FlixUITests.swift */,
				B800073923D9137700D460F6 /* Info.plist */,
			);
			path = FlixUITests;
			sourceTree = "<group>";
		};
/* End PBXGroup section */

/* Begin PBXNativeTarget section */
		B800071123D9136500D460F6 /* Flix */ = {
			isa = PBXNativeTarget;
			buildConfigurationList = B800073C23D9137700D460F6 /* Build configuration list for PBXNativeTarget "Flix" */;
			buildPhases = (
				961E2A0AB0A7BB7526EC5D55 /* [CP] Check Pods Manifest.lock */,
				B800070E23D9136500D460F6 /* Sources */,
				B800070F23D9136500D460F6 /* Frameworks */,
				B800071023D9136500D460F6 /* Resources */,
				D632CF19DA01088501CA44DB /* [CP] Embed Pods Frameworks */,
			);
			buildRules = (
			);
			dependencies = (
			);
			name = Flix;
			productName = Flix;
			productReference = B800071223D9136500D460F6 /* Flix.app */;
			productType = "com.apple.product-type.application";
		};
		B800072723D9137700D460F6 /* FlixTests */ = {
			isa = PBXNativeTarget;
			buildConfigurationList = B800073F23D9137700D460F6 /* Build configuration list for PBXNativeTarget "FlixTests" */;
			buildPhases = (
				02B6787E6F2B4EFC283D5127 /* [CP] Check Pods Manifest.lock */,
				B800072423D9137700D460F6 /* Sources */,
				B800072523D9137700D460F6 /* Frameworks */,
				B800072623D9137700D460F6 /* Resources */,
			);
			buildRules = (
			);
			dependencies = (
				B800072A23D9137700D460F6 /* PBXTargetDependency */,
			);
			name = FlixTests;
			productName = FlixTests;
			productReference = B800072823D9137700D460F6 /* FlixTests.xctest */;
			productType = "com.apple.product-type.bundle.unit-test";
		};
		B800073223D9137700D460F6 /* FlixUITests */ = {
			isa = PBXNativeTarget;
			buildConfigurationList = B800074223D9137700D460F6 /* Build configuration list for PBXNativeTarget "FlixUITests" */;
			buildPhases = (
				D4D9372BBFB2EAEFF4356348 /* [CP] Check Pods Manifest.lock */,
				B800072F23D9137700D460F6 /* Sources */,
				B800073023D9137700D460F6 /* Frameworks */,
				B800073123D9137700D460F6 /* Resources */,
				F9B8EB99E428474287431E8A /* [CP] Embed Pods Frameworks */,
			);
			buildRules = (
			);
			dependencies = (
				B800073523D9137700D460F6 /* PBXTargetDependency */,
			);
			name = FlixUITests;
			productName = FlixUITests;
			productReference = B800073323D9137700D460F6 /* FlixUITests.xctest */;
			productType = "com.apple.product-type.bundle.ui-testing";
		};
/* End PBXNativeTarget section */

/* Begin PBXProject section */
		B800070A23D9136500D460F6 /* Project object */ = {
			isa = PBXProject;
			attributes = {
				LastSwiftUpdateCheck = 1110;
				LastUpgradeCheck = 1110;
				ORGANIZATIONNAME = "Emily Ou";
				TargetAttributes = {
					B800071123D9136500D460F6 = {
						CreatedOnToolsVersion = 11.1;
					};
					B800072723D9137700D460F6 = {
						CreatedOnToolsVersion = 11.1;
						TestTargetID = B800071123D9136500D460F6;
					};
					B800073223D9137700D460F6 = {
						CreatedOnToolsVersion = 11.1;
						TestTargetID = B800071123D9136500D460F6;
					};
				};
			};
			buildConfigurationList = B800070D23D9136500D460F6 /* Build configuration list for PBXProject "Flix" */;
			compatibilityVersion = "Xcode 9.3";
			developmentRegion = en;
			hasScannedForEncodings = 0;
			knownRegions = (
				en,
				Base,
			);
			mainGroup = B800070923D9136500D460F6;
			productRefGroup = B800071323D9136500D460F6 /* Products */;
			projectDirPath = "";
			projectRoot = "";
			targets = (
				B800071123D9136500D460F6 /* Flix */,
				B800072723D9137700D460F6 /* FlixTests */,
				B800073223D9137700D460F6 /* FlixUITests */,
			);
		};
/* End PBXProject section */

/* Begin PBXResourcesBuildPhase section */
		B800071023D9136500D460F6 /* Resources */ = {
			isa = PBXResourcesBuildPhase;
			buildActionMask = 2147483647;
			files = (
				B800072223D9137700D460F6 /* LaunchScreen.storyboard in Resources */,
				B800071F23D9137700D460F6 /* Assets.xcassets in Resources */,
				B800071D23D9136500D460F6 /* Main.storyboard in Resources */,
			);
			runOnlyForDeploymentPostprocessing = 0;
		};
		B800072623D9137700D460F6 /* Resources */ = {
			isa = PBXResourcesBuildPhase;
			buildActionMask = 2147483647;
			files = (
			);
			runOnlyForDeploymentPostprocessing = 0;
		};
		B800073123D9137700D460F6 /* Resources */ = {
			isa = PBXResourcesBuildPhase;
			buildActionMask = 2147483647;
			files = (
			);
			runOnlyForDeploymentPostprocessing = 0;
		};
/* End PBXResourcesBuildPhase section */

/* Begin PBXShellScriptBuildPhase section */
		02B6787E6F2B4EFC283D5127 /* [CP] Check Pods Manifest.lock */ = {
			isa = PBXShellScriptBuildPhase;
			buildActionMask = 2147483647;
			files = (
			);
			inputFileListPaths = (
			);
			inputPaths = (
				"${PODS_PODFILE_DIR_PATH}/Podfile.lock",
				"${PODS_ROOT}/Manifest.lock",
			);
			name = "[CP] Check Pods Manifest.lock";
			outputFileListPaths = (
			);
			outputPaths = (
				"$(DERIVED_FILE_DIR)/Pods-FlixTests-checkManifestLockResult.txt",
			);
			runOnlyForDeploymentPostprocessing = 0;
			shellPath = /bin/sh;
			shellScript = "diff \"${PODS_PODFILE_DIR_PATH}/Podfile.lock\" \"${PODS_ROOT}/Manifest.lock\" > /dev/null\nif [ $? != 0 ] ; then\n    # print error to STDERR\n    echo \"error: The sandbox is not in sync with the Podfile.lock. Run 'pod install' or update your CocoaPods installation.\" >&2\n    exit 1\nfi\n# This output is used by Xcode 'outputs' to avoid re-running this script phase.\necho \"SUCCESS\" > \"${SCRIPT_OUTPUT_FILE_0}\"\n";
			showEnvVarsInLog = 0;
		};
		961E2A0AB0A7BB7526EC5D55 /* [CP] Check Pods Manifest.lock */ = {
			isa = PBXShellScriptBuildPhase;
			buildActionMask = 2147483647;
			files = (
			);
			inputFileListPaths = (
			);
			inputPaths = (
				"${PODS_PODFILE_DIR_PATH}/Podfile.lock",
				"${PODS_ROOT}/Manifest.lock",
			);
			name = "[CP] Check Pods Manifest.lock";
			outputFileListPaths = (
			);
			outputPaths = (
				"$(DERIVED_FILE_DIR)/Pods-Flix-checkManifestLockResult.txt",
			);
			runOnlyForDeploymentPostprocessing = 0;
			shellPath = /bin/sh;
			shellScript = "diff \"${PODS_PODFILE_DIR_PATH}/Podfile.lock\" \"${PODS_ROOT}/Manifest.lock\" > /dev/null\nif [ $? != 0 ] ; then\n    # print error to STDERR\n    echo \"error: The sandbox is not in sync with the Podfile.lock. Run 'pod install' or update your CocoaPods installation.\" >&2\n    exit 1\nfi\n# This output is used by Xcode 'outputs' to avoid re-running this script phase.\necho \"SUCCESS\" > \"${SCRIPT_OUTPUT_FILE_0}\"\n";
			showEnvVarsInLog = 0;
		};
		D4D9372BBFB2EAEFF4356348 /* [CP] Check Pods Manifest.lock */ = {
			isa = PBXShellScriptBuildPhase;
			buildActionMask = 2147483647;
			files = (
			);
			inputFileListPaths = (
			);
			inputPaths = (
				"${PODS_PODFILE_DIR_PATH}/Podfile.lock",
				"${PODS_ROOT}/Manifest.lock",
			);
			name = "[CP] Check Pods Manifest.lock";
			outputFileListPaths = (
			);
			outputPaths = (
				"$(DERIVED_FILE_DIR)/Pods-Flix-FlixUITests-checkManifestLockResult.txt",
			);
			runOnlyForDeploymentPostprocessing = 0;
			shellPath = /bin/sh;
			shellScript = "diff \"${PODS_PODFILE_DIR_PATH}/Podfile.lock\" \"${PODS_ROOT}/Manifest.lock\" > /dev/null\nif [ $? != 0 ] ; then\n    # print error to STDERR\n    echo \"error: The sandbox is not in sync with the Podfile.lock. Run 'pod install' or update your CocoaPods installation.\" >&2\n    exit 1\nfi\n# This output is used by Xcode 'outputs' to avoid re-running this script phase.\necho \"SUCCESS\" > \"${SCRIPT_OUTPUT_FILE_0}\"\n";
			showEnvVarsInLog = 0;
		};
		D632CF19DA01088501CA44DB /* [CP] Embed Pods Frameworks */ = {
			isa = PBXShellScriptBuildPhase;
			buildActionMask = 2147483647;
			files = (
			);
			inputFileListPaths = (
				"${PODS_ROOT}/Target Support Files/Pods-Flix/Pods-Flix-frameworks-${CONFIGURATION}-input-files.xcfilelist",
			);
			name = "[CP] Embed Pods Frameworks";
			outputFileListPaths = (
				"${PODS_ROOT}/Target Support Files/Pods-Flix/Pods-Flix-frameworks-${CONFIGURATION}-output-files.xcfilelist",
			);
			runOnlyForDeploymentPostprocessing = 0;
			shellPath = /bin/sh;
			shellScript = "\"${PODS_ROOT}/Target Support Files/Pods-Flix/Pods-Flix-frameworks.sh\"\n";
			showEnvVarsInLog = 0;
		};
		F9B8EB99E428474287431E8A /* [CP] Embed Pods Frameworks */ = {
			isa = PBXShellScriptBuildPhase;
			buildActionMask = 2147483647;
			files = (
			);
			inputFileListPaths = (
				"${PODS_ROOT}/Target Support Files/Pods-Flix-FlixUITests/Pods-Flix-FlixUITests-frameworks-${CONFIGURATION}-input-files.xcfilelist",
			);
			name = "[CP] Embed Pods Frameworks";
			outputFileListPaths = (
				"${PODS_ROOT}/Target Support Files/Pods-Flix-FlixUITests/Pods-Flix-FlixUITests-frameworks-${CONFIGURATION}-output-files.xcfilelist",
			);
			runOnlyForDeploymentPostprocessing = 0;
			shellPath = /bin/sh;
			shellScript = "\"${PODS_ROOT}/Target Support Files/Pods-Flix-FlixUITests/Pods-Flix-FlixUITests-frameworks.sh\"\n";
			showEnvVarsInLog = 0;
		};
/* End PBXShellScriptBuildPhase section */

/* Begin PBXSourcesBuildPhase section */
		B800070E23D9136500D460F6 /* Sources */ = {
			isa = PBXSourcesBuildPhase;
			buildActionMask = 2147483647;
			files = (
				B860CAD823DFA8CE006E2581 /* MovieDetailsViewController.swift in Sources */,
				B8CD9CEB23E5C34300126C14 /* SuperheroDetailsViewController.swift in Sources */,
				B800071623D9136500D460F6 /* AppDelegate.swift in Sources */,
				B800071823D9136500D460F6 /* SceneDelegate.swift in Sources */,
				B800074823D959FD00D460F6 /* MovieCell.swift in Sources */,
				B800074623D9313C00D460F6 /* MoviesViewController.swift in Sources */,
				B860CADA23E24377006E2581 /* MovieGridViewController.swift in Sources */,
				B860CB1E23E4B155006E2581 /* MovieGridCell.swift in Sources */,
			);
			runOnlyForDeploymentPostprocessing = 0;
		};
		B800072423D9137700D460F6 /* Sources */ = {
			isa = PBXSourcesBuildPhase;
			buildActionMask = 2147483647;
			files = (
				B800072D23D9137700D460F6 /* FlixTests.swift in Sources */,
			);
			runOnlyForDeploymentPostprocessing = 0;
		};
		B800072F23D9137700D460F6 /* Sources */ = {
			isa = PBXSourcesBuildPhase;
			buildActionMask = 2147483647;
			files = (
				B800073823D9137700D460F6 /* FlixUITests.swift in Sources */,
			);
			runOnlyForDeploymentPostprocessing = 0;
		};
/* End PBXSourcesBuildPhase section */

/* Begin PBXTargetDependency section */
		B800072A23D9137700D460F6 /* PBXTargetDependency */ = {
			isa = PBXTargetDependency;
			target = B800071123D9136500D460F6 /* Flix */;
			targetProxy = B800072923D9137700D460F6 /* PBXContainerItemProxy */;
		};
		B800073523D9137700D460F6 /* PBXTargetDependency */ = {
			isa = PBXTargetDependency;
			target = B800071123D9136500D460F6 /* Flix */;
			targetProxy = B800073423D9137700D460F6 /* PBXContainerItemProxy */;
		};
/* End PBXTargetDependency section */

/* Begin PBXVariantGroup section */
		B800071B23D9136500D460F6 /* Main.storyboard */ = {
			isa = PBXVariantGroup;
			children = (
				B800071C23D9136500D460F6 /* Base */,
			);
			name = Main.storyboard;
			sourceTree = "<group>";
		};
		B800072023D9137700D460F6 /* LaunchScreen.storyboard */ = {
			isa = PBXVariantGroup;
			children = (
				B800072123D9137700D460F6 /* Base */,
			);
			name = LaunchScreen.storyboard;
			sourceTree = "<group>";
		};
/* End PBXVariantGroup section */

/* Begin XCBuildConfiguration section */
		B800073A23D9137700D460F6 /* Debug */ = {
			isa = XCBuildConfiguration;
			buildSettings = {
				ALWAYS_SEARCH_USER_PATHS = NO;
				CLANG_ANALYZER_NONNULL = YES;
				CLANG_ANALYZER_NUMBER_OBJECT_CONVERSION = YES_AGGRESSIVE;
				CLANG_CXX_LANGUAGE_STANDARD = "gnu++14";
				CLANG_CXX_LIBRARY = "libc++";
				CLANG_ENABLE_MODULES = YES;
				CLANG_ENABLE_OBJC_ARC = YES;
				CLANG_ENABLE_OBJC_WEAK = YES;
				CLANG_WARN_BLOCK_CAPTURE_AUTORELEASING = YES;
				CLANG_WARN_BOOL_CONVERSION = YES;
				CLANG_WARN_COMMA = YES;
				CLANG_WARN_CONSTANT_CONVERSION = YES;
				CLANG_WARN_DEPRECATED_OBJC_IMPLEMENTATIONS = YES;
				CLANG_WARN_DIRECT_OBJC_ISA_USAGE = YES_ERROR;
				CLANG_WARN_DOCUMENTATION_COMMENTS = YES;
				CLANG_WARN_EMPTY_BODY = YES;
				CLANG_WARN_ENUM_CONVERSION = YES;
				CLANG_WARN_INFINITE_RECURSION = YES;
				CLANG_WARN_INT_CONVERSION = YES;
				CLANG_WARN_NON_LITERAL_NULL_CONVERSION = YES;
				CLANG_WARN_OBJC_IMPLICIT_RETAIN_SELF = YES;
				CLANG_WARN_OBJC_LITERAL_CONVERSION = YES;
				CLANG_WARN_OBJC_ROOT_CLASS = YES_ERROR;
				CLANG_WARN_RANGE_LOOP_ANALYSIS = YES;
				CLANG_WARN_STRICT_PROTOTYPES = YES;
				CLANG_WARN_SUSPICIOUS_MOVE = YES;
				CLANG_WARN_UNGUARDED_AVAILABILITY = YES_AGGRESSIVE;
				CLANG_WARN_UNREACHABLE_CODE = YES;
				CLANG_WARN__DUPLICATE_METHOD_MATCH = YES;
				COPY_PHASE_STRIP = NO;
				DEBUG_INFORMATION_FORMAT = dwarf;
				ENABLE_STRICT_OBJC_MSGSEND = YES;
				ENABLE_TESTABILITY = YES;
				GCC_C_LANGUAGE_STANDARD = gnu11;
				GCC_DYNAMIC_NO_PIC = NO;
				GCC_NO_COMMON_BLOCKS = YES;
				GCC_OPTIMIZATION_LEVEL = 0;
				GCC_PREPROCESSOR_DEFINITIONS = (
					"DEBUG=1",
					"$(inherited)",
				);
				GCC_WARN_64_TO_32_BIT_CONVERSION = YES;
				GCC_WARN_ABOUT_RETURN_TYPE = YES_ERROR;
				GCC_WARN_UNDECLARED_SELECTOR = YES;
				GCC_WARN_UNINITIALIZED_AUTOS = YES_AGGRESSIVE;
				GCC_WARN_UNUSED_FUNCTION = YES;
				GCC_WARN_UNUSED_VARIABLE = YES;
				IPHONEOS_DEPLOYMENT_TARGET = 13.1;
				MTL_ENABLE_DEBUG_INFO = INCLUDE_SOURCE;
				MTL_FAST_MATH = YES;
				ONLY_ACTIVE_ARCH = YES;
				SDKROOT = iphoneos;
				SWIFT_ACTIVE_COMPILATION_CONDITIONS = DEBUG;
				SWIFT_OPTIMIZATION_LEVEL = "-Onone";
			};
			name = Debug;
		};
		B800073B23D9137700D460F6 /* Release */ = {
			isa = XCBuildConfiguration;
			buildSettings = {
				ALWAYS_SEARCH_USER_PATHS = NO;
				CLANG_ANALYZER_NONNULL = YES;
				CLANG_ANALYZER_NUMBER_OBJECT_CONVERSION = YES_AGGRESSIVE;
				CLANG_CXX_LANGUAGE_STANDARD = "gnu++14";
				CLANG_CXX_LIBRARY = "libc++";
				CLANG_ENABLE_MODULES = YES;
				CLANG_ENABLE_OBJC_ARC = YES;
				CLANG_ENABLE_OBJC_WEAK = YES;
				CLANG_WARN_BLOCK_CAPTURE_AUTORELEASING = YES;
				CLANG_WARN_BOOL_CONVERSION = YES;
				CLANG_WARN_COMMA = YES;
				CLANG_WARN_CONSTANT_CONVERSION = YES;
				CLANG_WARN_DEPRECATED_OBJC_IMPLEMENTATIONS = YES;
				CLANG_WARN_DIRECT_OBJC_ISA_USAGE = YES_ERROR;
				CLANG_WARN_DOCUMENTATION_COMMENTS = YES;
				CLANG_WARN_EMPTY_BODY = YES;
				CLANG_WARN_ENUM_CONVERSION = YES;
				CLANG_WARN_INFINITE_RECURSION = YES;
				CLANG_WARN_INT_CONVERSION = YES;
				CLANG_WARN_NON_LITERAL_NULL_CONVERSION = YES;
				CLANG_WARN_OBJC_IMPLICIT_RETAIN_SELF = YES;
				CLANG_WARN_OBJC_LITERAL_CONVERSION = YES;
				CLANG_WARN_OBJC_ROOT_CLASS = YES_ERROR;
				CLANG_WARN_RANGE_LOOP_ANALYSIS = YES;
				CLANG_WARN_STRICT_PROTOTYPES = YES;
				CLANG_WARN_SUSPICIOUS_MOVE = YES;
				CLANG_WARN_UNGUARDED_AVAILABILITY = YES_AGGRESSIVE;
				CLANG_WARN_UNREACHABLE_CODE = YES;
				CLANG_WARN__DUPLICATE_METHOD_MATCH = YES;
				COPY_PHASE_STRIP = NO;
				DEBUG_INFORMATION_FORMAT = "dwarf-with-dsym";
				ENABLE_NS_ASSERTIONS = NO;
				ENABLE_STRICT_OBJC_MSGSEND = YES;
				GCC_C_LANGUAGE_STANDARD = gnu11;
				GCC_NO_COMMON_BLOCKS = YES;
				GCC_WARN_64_TO_32_BIT_CONVERSION = YES;
				GCC_WARN_ABOUT_RETURN_TYPE = YES_ERROR;
				GCC_WARN_UNDECLARED_SELECTOR = YES;
				GCC_WARN_UNINITIALIZED_AUTOS = YES_AGGRESSIVE;
				GCC_WARN_UNUSED_FUNCTION = YES;
				GCC_WARN_UNUSED_VARIABLE = YES;
				IPHONEOS_DEPLOYMENT_TARGET = 13.1;
				MTL_ENABLE_DEBUG_INFO = NO;
				MTL_FAST_MATH = YES;
				SDKROOT = iphoneos;
				SWIFT_COMPILATION_MODE = wholemodule;
				SWIFT_OPTIMIZATION_LEVEL = "-O";
				VALIDATE_PRODUCT = YES;
			};
			name = Release;
		};
		B800073D23D9137700D460F6 /* Debug */ = {
			isa = XCBuildConfiguration;
			baseConfigurationReference = 1043BCA1608AE9709F19A8B0 /* Pods-Flix.debug.xcconfig */;
			buildSettings = {
				ASSETCATALOG_COMPILER_APPICON_NAME = AppIcon;
				CODE_SIGN_STYLE = Automatic;
				DEVELOPMENT_TEAM = 9STX7CHW76;
				INFOPLIST_FILE = Flix/Info.plist;
				LD_RUNPATH_SEARCH_PATHS = (
					"$(inherited)",
					"@executable_path/Frameworks",
				);
				PRODUCT_BUNDLE_IDENTIFIER = "Emily-Ou.Flix";
				PRODUCT_NAME = "$(TARGET_NAME)";
				SWIFT_VERSION = 5.0;
				TARGETED_DEVICE_FAMILY = "1,2";
			};
			name = Debug;
		};
		B800073E23D9137700D460F6 /* Release */ = {
			isa = XCBuildConfiguration;
			baseConfigurationReference = 8DB2C5751B3EA314342C8150 /* Pods-Flix.release.xcconfig */;
			buildSettings = {
				ASSETCATALOG_COMPILER_APPICON_NAME = AppIcon;
				CODE_SIGN_STYLE = Automatic;
				DEVELOPMENT_TEAM = 9STX7CHW76;
				INFOPLIST_FILE = Flix/Info.plist;
				LD_RUNPATH_SEARCH_PATHS = (
					"$(inherited)",
					"@executable_path/Frameworks",
				);
				PRODUCT_BUNDLE_IDENTIFIER = "Emily-Ou.Flix";
				PRODUCT_NAME = "$(TARGET_NAME)";
				SWIFT_VERSION = 5.0;
				TARGETED_DEVICE_FAMILY = "1,2";
			};
			name = Release;
		};
		B800074023D9137700D460F6 /* Debug */ = {
			isa = XCBuildConfiguration;
			baseConfigurationReference = F8C646D2A6AA28AC074CE9D7 /* Pods-FlixTests.debug.xcconfig */;
			buildSettings = {
				ALWAYS_EMBED_SWIFT_STANDARD_LIBRARIES = YES;
				BUNDLE_LOADER = "$(TEST_HOST)";
				CODE_SIGN_STYLE = Automatic;
				INFOPLIST_FILE = FlixTests/Info.plist;
				IPHONEOS_DEPLOYMENT_TARGET = 13.1;
				LD_RUNPATH_SEARCH_PATHS = (
					"$(inherited)",
					"@executable_path/Frameworks",
					"@loader_path/Frameworks",
				);
				PRODUCT_BUNDLE_IDENTIFIER = "Emily-Ou.FlixTests";
				PRODUCT_NAME = "$(TARGET_NAME)";
				SWIFT_VERSION = 5.0;
				TARGETED_DEVICE_FAMILY = "1,2";
				TEST_HOST = "$(BUILT_PRODUCTS_DIR)/Flix.app/Flix";
			};
			name = Debug;
		};
		B800074123D9137700D460F6 /* Release */ = {
			isa = XCBuildConfiguration;
			baseConfigurationReference = 86FC4E1616F70FFC82DAF959 /* Pods-FlixTests.release.xcconfig */;
			buildSettings = {
				ALWAYS_EMBED_SWIFT_STANDARD_LIBRARIES = YES;
				BUNDLE_LOADER = "$(TEST_HOST)";
				CODE_SIGN_STYLE = Automatic;
				INFOPLIST_FILE = FlixTests/Info.plist;
				IPHONEOS_DEPLOYMENT_TARGET = 13.1;
				LD_RUNPATH_SEARCH_PATHS = (
					"$(inherited)",
					"@executable_path/Frameworks",
					"@loader_path/Frameworks",
				);
				PRODUCT_BUNDLE_IDENTIFIER = "Emily-Ou.FlixTests";
				PRODUCT_NAME = "$(TARGET_NAME)";
				SWIFT_VERSION = 5.0;
				TARGETED_DEVICE_FAMILY = "1,2";
				TEST_HOST = "$(BUILT_PRODUCTS_DIR)/Flix.app/Flix";
			};
			name = Release;
		};
		B800074323D9137700D460F6 /* Debug */ = {
			isa = XCBuildConfiguration;
			baseConfigurationReference = 7CA7D7B5C652D3B511D29E7D /* Pods-Flix-FlixUITests.debug.xcconfig */;
			buildSettings = {
				ALWAYS_EMBED_SWIFT_STANDARD_LIBRARIES = YES;
				CODE_SIGN_STYLE = Automatic;
				INFOPLIST_FILE = FlixUITests/Info.plist;
				LD_RUNPATH_SEARCH_PATHS = (
					"$(inherited)",
					"@executable_path/Frameworks",
					"@loader_path/Frameworks",
				);
				PRODUCT_BUNDLE_IDENTIFIER = "Emily-Ou.FlixUITests";
				PRODUCT_NAME = "$(TARGET_NAME)";
				SWIFT_VERSION = 5.0;
				TARGETED_DEVICE_FAMILY = "1,2";
				TEST_TARGET_NAME = Flix;
			};
			name = Debug;
		};
		B800074423D9137700D460F6 /* Release */ = {
			isa = XCBuildConfiguration;
			baseConfigurationReference = F2567254E178BD266824AE2E /* Pods-Flix-FlixUITests.release.xcconfig */;
			buildSettings = {
				ALWAYS_EMBED_SWIFT_STANDARD_LIBRARIES = YES;
				CODE_SIGN_STYLE = Automatic;
				INFOPLIST_FILE = FlixUITests/Info.plist;
				LD_RUNPATH_SEARCH_PATHS = (
					"$(inherited)",
					"@executable_path/Frameworks",
					"@loader_path/Frameworks",
				);
				PRODUCT_BUNDLE_IDENTIFIER = "Emily-Ou.FlixUITests";
				PRODUCT_NAME = "$(TARGET_NAME)";
				SWIFT_VERSION = 5.0;
				TARGETED_DEVICE_FAMILY = "1,2";
				TEST_TARGET_NAME = Flix;
			};
			name = Release;
		};
/* End XCBuildConfiguration section */

/* Begin XCConfigurationList section */
		B800070D23D9136500D460F6 /* Build configuration list for PBXProject "Flix" */ = {
			isa = XCConfigurationList;
			buildConfigurations = (
				B800073A23D9137700D460F6 /* Debug */,
				B800073B23D9137700D460F6 /* Release */,
			);
			defaultConfigurationIsVisible = 0;
			defaultConfigurationName = Release;
		};
		B800073C23D9137700D460F6 /* Build configuration list for PBXNativeTarget "Flix" */ = {
			isa = XCConfigurationList;
			buildConfigurations = (
				B800073D23D9137700D460F6 /* Debug */,
				B800073E23D9137700D460F6 /* Release */,
			);
			defaultConfigurationIsVisible = 0;
			defaultConfigurationName = Release;
		};
		B800073F23D9137700D460F6 /* Build configuration list for PBXNativeTarget "FlixTests" */ = {
			isa = XCConfigurationList;
			buildConfigurations = (
				B800074023D9137700D460F6 /* Debug */,
				B800074123D9137700D460F6 /* Release */,
			);
			defaultConfigurationIsVisible = 0;
			defaultConfigurationName = Release;
		};
		B800074223D9137700D460F6 /* Build configuration list for PBXNativeTarget "FlixUITests" */ = {
			isa = XCConfigurationList;
			buildConfigurations = (
				B800074323D9137700D460F6 /* Debug */,
				B800074423D9137700D460F6 /* Release */,
			);
			defaultConfigurationIsVisible = 0;
			defaultConfigurationName = Release;
		};
/* End XCConfigurationList section */
	};
	rootObject = B800070A23D9136500D460F6 /* Project object */;
}
